// !$*UTF8*$!
{
	archiveVersion = 1;
	classes = {
	};
	objectVersion = 55;
	objects = {

/* Begin PBXBuildFile section */
		1094443D275625CD00CB4536 /* wingmanApp.swift in Sources */ = {isa = PBXBuildFile; fileRef = 1094443C275625CD00CB4536 /* wingmanApp.swift */; };
		1094443F275625CD00CB4536 /* ContentView.swift in Sources */ = {isa = PBXBuildFile; fileRef = 1094443E275625CD00CB4536 /* ContentView.swift */; };
		10944441275625CF00CB4536 /* Assets.xcassets in Resources */ = {isa = PBXBuildFile; fileRef = 10944440275625CF00CB4536 /* Assets.xcassets */; };
		10944444275625CF00CB4536 /* Preview Assets.xcassets in Resources */ = {isa = PBXBuildFile; fileRef = 10944443275625CF00CB4536 /* Preview Assets.xcassets */; };
		10FBC4EA275711B0007C0A51 /* Profile.swift in Sources */ = {isa = PBXBuildFile; fileRef = 10FBC4E9275711B0007C0A51 /* Profile.swift */; };
		10FBC4EC27571339007C0A51 /* MapView.swift in Sources */ = {isa = PBXBuildFile; fileRef = 10FBC4EB27571339007C0A51 /* MapView.swift */; };
		10FBC4F0275773DB007C0A51 /* Landmark.swift in Sources */ = {isa = PBXBuildFile; fileRef = 10FBC4EF275773DB007C0A51 /* Landmark.swift */; };
		10FBC4F227577743007C0A51 /* ModelData.swift in Sources */ = {isa = PBXBuildFile; fileRef = 10FBC4F127577743007C0A51 /* ModelData.swift */; };
		10FBC4F72757988C007C0A51 /* landmarkData.json in Resources */ = {isa = PBXBuildFile; fileRef = 10FBC4F62757988C007C0A51 /* landmarkData.json */; };
		10FBC4F927579BA8007C0A51 /* LandmarkRow.swift in Sources */ = {isa = PBXBuildFile; fileRef = 10FBC4F827579BA8007C0A51 /* LandmarkRow.swift */; };
		10FBC4FB275865B6007C0A51 /* LandmarkList.swift in Sources */ = {isa = PBXBuildFile; fileRef = 10FBC4FA275865B6007C0A51 /* LandmarkList.swift */; };
		10FBC4FF27586AE2007C0A51 /* LandmarkDetail.swift in Sources */ = {isa = PBXBuildFile; fileRef = 10FBC4FE27586AE2007C0A51 /* LandmarkDetail.swift */; };
		10FBC5012758A5D4007C0A51 /* FavoriteButton.swift in Sources */ = {isa = PBXBuildFile; fileRef = 10FBC5002758A5D4007C0A51 /* FavoriteButton.swift */; };
/* End PBXBuildFile section */

/* Begin PBXFileReference section */
		10944439275625CD00CB4536 /* wingman.app */ = {isa = PBXFileReference; explicitFileType = wrapper.application; includeInIndex = 0; path = wingman.app; sourceTree = BUILT_PRODUCTS_DIR; };
		1094443C275625CD00CB4536 /* wingmanApp.swift */ = {isa = PBXFileReference; lastKnownFileType = sourcecode.swift; path = wingmanApp.swift; sourceTree = "<group>"; };
		1094443E275625CD00CB4536 /* ContentView.swift */ = {isa = PBXFileReference; lastKnownFileType = sourcecode.swift; path = ContentView.swift; sourceTree = "<group>"; };
		10944440275625CF00CB4536 /* Assets.xcassets */ = {isa = PBXFileReference; lastKnownFileType = folder.assetcatalog; path = Assets.xcassets; sourceTree = "<group>"; };
		10944443275625CF00CB4536 /* Preview Assets.xcassets */ = {isa = PBXFileReference; lastKnownFileType = folder.assetcatalog; path = "Preview Assets.xcassets"; sourceTree = "<group>"; };
		10944445275625CF00CB4536 /* wingman.entitlements */ = {isa = PBXFileReference; lastKnownFileType = text.plist.entitlements; path = wingman.entitlements; sourceTree = "<group>"; };
		10FBC4E9275711B0007C0A51 /* Profile.swift */ = {isa = PBXFileReference; lastKnownFileType = sourcecode.swift; path = Profile.swift; sourceTree = "<group>"; };
		10FBC4EB27571339007C0A51 /* MapView.swift */ = {isa = PBXFileReference; lastKnownFileType = sourcecode.swift; path = MapView.swift; sourceTree = "<group>"; };
		10FBC4EF275773DB007C0A51 /* Landmark.swift */ = {isa = PBXFileReference; lastKnownFileType = sourcecode.swift; path = Landmark.swift; sourceTree = "<group>"; };
		10FBC4F127577743007C0A51 /* ModelData.swift */ = {isa = PBXFileReference; lastKnownFileType = sourcecode.swift; path = ModelData.swift; sourceTree = "<group>"; };
		10FBC4F62757988C007C0A51 /* landmarkData.json */ = {isa = PBXFileReference; fileEncoding = 4; lastKnownFileType = text.json; path = landmarkData.json; sourceTree = "<group>"; };
		10FBC4F827579BA8007C0A51 /* LandmarkRow.swift */ = {isa = PBXFileReference; lastKnownFileType = sourcecode.swift; path = LandmarkRow.swift; sourceTree = "<group>"; };
		10FBC4FA275865B6007C0A51 /* LandmarkList.swift */ = {isa = PBXFileReference; lastKnownFileType = sourcecode.swift; path = LandmarkList.swift; sourceTree = "<group>"; };
		10FBC4FE27586AE2007C0A51 /* LandmarkDetail.swift */ = {isa = PBXFileReference; lastKnownFileType = sourcecode.swift; path = LandmarkDetail.swift; sourceTree = "<group>"; };
		10FBC5002758A5D4007C0A51 /* FavoriteButton.swift */ = {isa = PBXFileReference; lastKnownFileType = sourcecode.swift; path = FavoriteButton.swift; sourceTree = "<group>"; };
/* End PBXFileReference section */

/* Begin PBXFrameworksBuildPhase section */
		10944436275625CD00CB4536 /* Frameworks */ = {
			isa = PBXFrameworksBuildPhase;
			buildActionMask = 2147483647;
			files = (
			);
			runOnlyForDeploymentPostprocessing = 0;
		};
/* End PBXFrameworksBuildPhase section */

/* Begin PBXGroup section */
		10944430275625CD00CB4536 = {
			isa = PBXGroup;
			children = (
				1094443B275625CD00CB4536 /* wingman */,
				1094443A275625CD00CB4536 /* Products */,
			);
			sourceTree = "<group>";
		};
		1094443A275625CD00CB4536 /* Products */ = {
			isa = PBXGroup;
			children = (
				10944439275625CD00CB4536 /* wingman.app */,
			);
			name = Products;
			sourceTree = "<group>";
		};
		1094443B275625CD00CB4536 /* wingman */ = {
			isa = PBXGroup;
			children = (
				10FBC5032758A7F1007C0A51 /* View */,
				10FBC4F52757982F007C0A51 /* Resources */,
				10FBC4F427579827007C0A51 /* Model */,
				1094443C275625CD00CB4536 /* wingmanApp.swift */,
				10944440275625CF00CB4536 /* Assets.xcassets */,
				10944445275625CF00CB4536 /* wingman.entitlements */,
				10944442275625CF00CB4536 /* Preview Content */,
			);
			path = wingman;
			sourceTree = "<group>";
		};
		10944442275625CF00CB4536 /* Preview Content */ = {
			isa = PBXGroup;
			children = (
				10944443275625CF00CB4536 /* Preview Assets.xcassets */,
			);
			path = "Preview Content";
			sourceTree = "<group>";
		};
		10FBC4F32757981B007C0A51 /* Landmarks */ = {
			isa = PBXGroup;
			children = (
				10FBC4F827579BA8007C0A51 /* LandmarkRow.swift */,
				10FBC4FA275865B6007C0A51 /* LandmarkList.swift */,
				10FBC4FE27586AE2007C0A51 /* LandmarkDetail.swift */,
			);
			path = Landmarks;
			sourceTree = "<group>";
		};
		10FBC4F427579827007C0A51 /* Model */ = {
			isa = PBXGroup;
			children = (
				10FBC4EF275773DB007C0A51 /* Landmark.swift */,
				10FBC4F127577743007C0A51 /* ModelData.swift */,
			);
			path = Model;
			sourceTree = "<group>";
		};
		10FBC4F52757982F007C0A51 /* Resources */ = {
			isa = PBXGroup;
			children = (
				10FBC4F62757988C007C0A51 /* landmarkData.json */,
			);
			path = Resources;
			sourceTree = "<group>";
		};
		10FBC5022758A7D7007C0A51 /* Helpers */ = {
			isa = PBXGroup;
			children = (
				10FBC4E9275711B0007C0A51 /* Profile.swift */,
				10FBC4EB27571339007C0A51 /* MapView.swift */,
				10FBC5002758A5D4007C0A51 /* FavoriteButton.swift */,
			);
			path = Helpers;
			sourceTree = "<group>";
		};
		10FBC5032758A7F1007C0A51 /* View */ = {
			isa = PBXGroup;
			children = (
				10FBC4F32757981B007C0A51 /* Landmarks */,
				10FBC5022758A7D7007C0A51 /* Helpers */,
				1094443E275625CD00CB4536 /* ContentView.swift */,
			);
			path = View;
			sourceTree = "<group>";
		};
/* End PBXGroup section */

/* Begin PBXNativeTarget section */
		10944438275625CD00CB4536 /* wingman */ = {
			isa = PBXNativeTarget;
			buildConfigurationList = 10944448275625CF00CB4536 /* Build configuration list for PBXNativeTarget "wingman" */;
			buildPhases = (
				10944435275625CD00CB4536 /* Sources */,
				10944436275625CD00CB4536 /* Frameworks */,
				10944437275625CD00CB4536 /* Resources */,
			);
			buildRules = (
			);
			dependencies = (
			);
			name = wingman;
			productName = wingman;
			productReference = 10944439275625CD00CB4536 /* wingman.app */;
			productType = "com.apple.product-type.application";
		};
/* End PBXNativeTarget section */

/* Begin PBXProject section */
		10944431275625CD00CB4536 /* Project object */ = {
			isa = PBXProject;
			attributes = {
				BuildIndependentTargetsInParallel = 1;
				LastSwiftUpdateCheck = 1310;
				LastUpgradeCheck = 1310;
				TargetAttributes = {
					10944438275625CD00CB4536 = {
						CreatedOnToolsVersion = 13.1;
					};
				};
			};
			buildConfigurationList = 10944434275625CD00CB4536 /* Build configuration list for PBXProject "wingman" */;
			compatibilityVersion = "Xcode 13.0";
			developmentRegion = en;
			hasScannedForEncodings = 0;
			knownRegions = (
				en,
				Base,
			);
			mainGroup = 10944430275625CD00CB4536;
			productRefGroup = 1094443A275625CD00CB4536 /* Products */;
			projectDirPath = "";
			projectRoot = "";
			targets = (
				10944438275625CD00CB4536 /* wingman */,
			);
		};
/* End PBXProject section */

/* Begin PBXResourcesBuildPhase section */
		10944437275625CD00CB4536 /* Resources */ = {
			isa = PBXResourcesBuildPhase;
			buildActionMask = 2147483647;
			files = (
				10944444275625CF00CB4536 /* Preview Assets.xcassets in Resources */,
				10944441275625CF00CB4536 /* Assets.xcassets in Resources */,
				10FBC4F72757988C007C0A51 /* landmarkData.json in Resources */,
			);
			runOnlyForDeploymentPostprocessing = 0;
		};
/* End PBXResourcesBuildPhase section */

/* Begin PBXSourcesBuildPhase section */
		10944435275625CD00CB4536 /* Sources */ = {
			isa = PBXSourcesBuildPhase;
			buildActionMask = 2147483647;
			files = (
				1094443F275625CD00CB4536 /* ContentView.swift in Sources */,
				10FBC4EC27571339007C0A51 /* MapView.swift in Sources */,
				10FBC4EA275711B0007C0A51 /* Profile.swift in Sources */,
				10FBC5012758A5D4007C0A51 /* FavoriteButton.swift in Sources */,
				10FBC4FB275865B6007C0A51 /* LandmarkList.swift in Sources */,
				10FBC4FF27586AE2007C0A51 /* LandmarkDetail.swift in Sources */,
				1094443D275625CD00CB4536 /* wingmanApp.swift in Sources */,
				10FBC4F0275773DB007C0A51 /* Landmark.swift in Sources */,
				10FBC4F927579BA8007C0A51 /* LandmarkRow.swift in Sources */,
				10FBC4F227577743007C0A51 /* ModelData.swift in Sources */,
			);
			runOnlyForDeploymentPostprocessing = 0;
		};
/* End PBXSourcesBuildPhase section */

/* Begin XCBuildConfiguration section */
		10944446275625CF00CB4536 /* Debug */ = {
			isa = XCBuildConfiguration;
			buildSettings = {
				ALWAYS_SEARCH_USER_PATHS = NO;
				CLANG_ANALYZER_NONNULL = YES;
				CLANG_ANALYZER_NUMBER_OBJECT_CONVERSION = YES_AGGRESSIVE;
				CLANG_CXX_LANGUAGE_STANDARD = "gnu++17";
				CLANG_CXX_LIBRARY = "libc++";
				CLANG_ENABLE_MODULES = YES;
				CLANG_ENABLE_OBJC_ARC = YES;
				CLANG_ENABLE_OBJC_WEAK = YES;
				CLANG_WARN_BLOCK_CAPTURE_AUTORELEASING = YES;
				CLANG_WARN_BOOL_CONVERSION = YES;
				CLANG_WARN_COMMA = YES;
				CLANG_WARN_CONSTANT_CONVERSION = YES;
				CLANG_WARN_DEPRECATED_OBJC_IMPLEMENTATIONS = YES;
				CLANG_WARN_DIRECT_OBJC_ISA_USAGE = YES_ERROR;
				CLANG_WARN_DOCUMENTATION_COMMENTS = YES;
				CLANG_WARN_EMPTY_BODY = YES;
				CLANG_WARN_ENUM_CONVERSION = YES;
				CLANG_WARN_INFINITE_RECURSION = YES;
				CLANG_WARN_INT_CONVERSION = YES;
				CLANG_WARN_NON_LITERAL_NULL_CONVERSION = YES;
				CLANG_WARN_OBJC_IMPLICIT_RETAIN_SELF = YES;
				CLANG_WARN_OBJC_LITERAL_CONVERSION = YES;
				CLANG_WARN_OBJC_ROOT_CLASS = YES_ERROR;
				CLANG_WARN_QUOTED_INCLUDE_IN_FRAMEWORK_HEADER = YES;
				CLANG_WARN_RANGE_LOOP_ANALYSIS = YES;
				CLANG_WARN_STRICT_PROTOTYPES = YES;
				CLANG_WARN_SUSPICIOUS_MOVE = YES;
				CLANG_WARN_UNGUARDED_AVAILABILITY = YES_AGGRESSIVE;
				CLANG_WARN_UNREACHABLE_CODE = YES;
				CLANG_WARN__DUPLICATE_METHOD_MATCH = YES;
				COPY_PHASE_STRIP = NO;
				DEBUG_INFORMATION_FORMAT = dwarf;
				ENABLE_STRICT_OBJC_MSGSEND = YES;
				ENABLE_TESTABILITY = YES;
				GCC_C_LANGUAGE_STANDARD = gnu11;
				GCC_DYNAMIC_NO_PIC = NO;
				GCC_NO_COMMON_BLOCKS = YES;
				GCC_OPTIMIZATION_LEVEL = 0;
				GCC_PREPROCESSOR_DEFINITIONS = (
					"DEBUG=1",
					"$(inherited)",
				);
				GCC_WARN_64_TO_32_BIT_CONVERSION = YES;
				GCC_WARN_ABOUT_RETURN_TYPE = YES_ERROR;
				GCC_WARN_UNDECLARED_SELECTOR = YES;
				GCC_WARN_UNINITIALIZED_AUTOS = YES_AGGRESSIVE;
				GCC_WARN_UNUSED_FUNCTION = YES;
				GCC_WARN_UNUSED_VARIABLE = YES;
				MACOSX_DEPLOYMENT_TARGET = 12.0;
				MTL_ENABLE_DEBUG_INFO = INCLUDE_SOURCE;
				MTL_FAST_MATH = YES;
				ONLY_ACTIVE_ARCH = YES;
				SDKROOT = macosx;
				SWIFT_ACTIVE_COMPILATION_CONDITIONS = DEBUG;
				SWIFT_OPTIMIZATION_LEVEL = "-Onone";
			};
			name = Debug;
		};
		10944447275625CF00CB4536 /* Release */ = {
			isa = XCBuildConfiguration;
			buildSettings = {
				ALWAYS_SEARCH_USER_PATHS = NO;
				CLANG_ANALYZER_NONNULL = YES;
				CLANG_ANALYZER_NUMBER_OBJECT_CONVERSION = YES_AGGRESSIVE;
				CLANG_CXX_LANGUAGE_STANDARD = "gnu++17";
				CLANG_CXX_LIBRARY = "libc++";
				CLANG_ENABLE_MODULES = YES;
				CLANG_ENABLE_OBJC_ARC = YES;
				CLANG_ENABLE_OBJC_WEAK = YES;
				CLANG_WARN_BLOCK_CAPTURE_AUTORELEASING = YES;
				CLANG_WARN_BOOL_CONVERSION = YES;
				CLANG_WARN_COMMA = YES;
				CLANG_WARN_CONSTANT_CONVERSION = YES;
				CLANG_WARN_DEPRECATED_OBJC_IMPLEMENTATIONS = YES;
				CLANG_WARN_DIRECT_OBJC_ISA_USAGE = YES_ERROR;
				CLANG_WARN_DOCUMENTATION_COMMENTS = YES;
				CLANG_WARN_EMPTY_BODY = YES;
				CLANG_WARN_ENUM_CONVERSION = YES;
				CLANG_WARN_INFINITE_RECURSION = YES;
				CLANG_WARN_INT_CONVERSION = YES;
				CLANG_WARN_NON_LITERAL_NULL_CONVERSION = YES;
				CLANG_WARN_OBJC_IMPLICIT_RETAIN_SELF = YES;
				CLANG_WARN_OBJC_LITERAL_CONVERSION = YES;
				CLANG_WARN_OBJC_ROOT_CLASS = YES_ERROR;
				CLANG_WARN_QUOTED_INCLUDE_IN_FRAMEWORK_HEADER = YES;
				CLANG_WARN_RANGE_LOOP_ANALYSIS = YES;
				CLANG_WARN_STRICT_PROTOTYPES = YES;
				CLANG_WARN_SUSPICIOUS_MOVE = YES;
				CLANG_WARN_UNGUARDED_AVAILABILITY = YES_AGGRESSIVE;
				CLANG_WARN_UNREACHABLE_CODE = YES;
				CLANG_WARN__DUPLICATE_METHOD_MATCH = YES;
				COPY_PHASE_STRIP = NO;
				DEBUG_INFORMATION_FORMAT = "dwarf-with-dsym";
				ENABLE_NS_ASSERTIONS = NO;
				ENABLE_STRICT_OBJC_MSGSEND = YES;
				GCC_C_LANGUAGE_STANDARD = gnu11;
				GCC_NO_COMMON_BLOCKS = YES;
				GCC_WARN_64_TO_32_BIT_CONVERSION = YES;
				GCC_WARN_ABOUT_RETURN_TYPE = YES_ERROR;
				GCC_WARN_UNDECLARED_SELECTOR = YES;
				GCC_WARN_UNINITIALIZED_AUTOS = YES_AGGRESSIVE;
				GCC_WARN_UNUSED_FUNCTION = YES;
				GCC_WARN_UNUSED_VARIABLE = YES;
				MACOSX_DEPLOYMENT_TARGET = 12.0;
				MTL_ENABLE_DEBUG_INFO = NO;
				MTL_FAST_MATH = YES;
				SDKROOT = macosx;
				SWIFT_COMPILATION_MODE = wholemodule;
				SWIFT_OPTIMIZATION_LEVEL = "-O";
			};
			name = Release;
		};
		10944449275625CF00CB4536 /* Debug */ = {
			isa = XCBuildConfiguration;
			buildSettings = {
				ASSETCATALOG_COMPILER_APPICON_NAME = AppIcon;
				ASSETCATALOG_COMPILER_GLOBAL_ACCENT_COLOR_NAME = AccentColor;
				CODE_SIGN_ENTITLEMENTS = wingman/wingman.entitlements;
				CODE_SIGN_STYLE = Automatic;
				COMBINE_HIDPI_IMAGES = YES;
				CURRENT_PROJECT_VERSION = 1;
				DEVELOPMENT_ASSET_PATHS = "\"wingman/Preview Content\"";
				DEVELOPMENT_TEAM = JS3JJV4YAD;
				ENABLE_HARDENED_RUNTIME = YES;
				ENABLE_PREVIEWS = YES;
				GENERATE_INFOPLIST_FILE = YES;
				INFOPLIST_KEY_NSHumanReadableCopyright = "";
				LD_RUNPATH_SEARCH_PATHS = (
					"$(inherited)",
					"@executable_path/../Frameworks",
				);
				MARKETING_VERSION = 1.0;
				PRODUCT_BUNDLE_IDENTIFIER = com.duckmoutain.wingman;
				PRODUCT_NAME = "$(TARGET_NAME)";
				SWIFT_EMIT_LOC_STRINGS = YES;
				SWIFT_VERSION = 5.0;
			};
			name = Debug;
		};
		1094444A275625CF00CB4536 /* Release */ = {
			isa = XCBuildConfiguration;
			buildSettings = {
				ASSETCATALOG_COMPILER_APPICON_NAME = AppIcon;
				ASSETCATALOG_COMPILER_GLOBAL_ACCENT_COLOR_NAME = AccentColor;
				CODE_SIGN_ENTITLEMENTS = wingman/wingman.entitlements;
				CODE_SIGN_STYLE = Automatic;
				COMBINE_HIDPI_IMAGES = YES;
				CURRENT_PROJECT_VERSION = 1;
				DEVELOPMENT_ASSET_PATHS = "\"wingman/Preview Content\"";
				DEVELOPMENT_TEAM = JS3JJV4YAD;
				ENABLE_HARDENED_RUNTIME = YES;
				ENABLE_PREVIEWS = YES;
				GENERATE_INFOPLIST_FILE = YES;
				INFOPLIST_KEY_NSHumanReadableCopyright = "";
				LD_RUNPATH_SEARCH_PATHS = (
					"$(inherited)",
					"@executable_path/../Frameworks",
				);
				MARKETING_VERSION = 1.0;
				PRODUCT_BUNDLE_IDENTIFIER = com.duckmoutain.wingman;
				PRODUCT_NAME = "$(TARGET_NAME)";
				SWIFT_EMIT_LOC_STRINGS = YES;
				SWIFT_VERSION = 5.0;
			};
			name = Release;
		};
/* End XCBuildConfiguration section */

/* Begin XCConfigurationList section */
		10944434275625CD00CB4536 /* Build configuration list for PBXProject "wingman" */ = {
			isa = XCConfigurationList;
			buildConfigurations = (
				10944446275625CF00CB4536 /* Debug */,
				10944447275625CF00CB4536 /* Release */,
			);
			defaultConfigurationIsVisible = 0;
			defaultConfigurationName = Release;
		};
		10944448275625CF00CB4536 /* Build configuration list for PBXNativeTarget "wingman" */ = {
			isa = XCConfigurationList;
			buildConfigurations = (
				10944449275625CF00CB4536 /* Debug */,
				1094444A275625CF00CB4536 /* Release */,
			);
			defaultConfigurationIsVisible = 0;
			defaultConfigurationName = Release;
		};
/* End XCConfigurationList section */
	};
	rootObject = 10944431275625CD00CB4536 /* Project object */;
}
